
Microsoft Visual Studio Solution File, Format Version 12.00
# Visual Studio Version 16
VisualStudioVersion = 16.0.31911.196
MinimumVisualStudioVersion = 10.0.40219.1
Project("{FAE04EC0-301F-11D3-BF4B-00C04F79EFBC}") = "AP7D2D", "AP7D2D.csproj", "{E85628D9-71DB-4D41-9415-E26FE4167C91}"
EndProject
Global
	GlobalSection(SolutionConfigurationPlatforms) = preSolution
		Debug|Any CPU = Debug|Any CPU
		Release|Any CPU = Release|Any CPU
	EndGlobalSection
	GlobalSection(ProjectConfigurationPlatforms) = postSolution
		{E85628D9-71DB-4D41-9415-E26FE4167C91}.Debug|Any CPU.ActiveCfg = Debug|Any CPU
		{E85628D9-71DB-4D41-9415-E26FE4167C91}.Debug|Any CPU.Build.0 = Debug|Any CPU
		{E85628D9-71DB-4D41-9415-E26FE4167C91}.Release|Any CPU.ActiveCfg = Release|Any CPU
		{E85628D9-71DB-4D41-9415-E26FE4167C91}.Release|Any CPU.Build.0 = Release|Any CPU
	EndGlobalSection
	GlobalSection(SolutionProperties) = preSolution
		HideSolutionNode = FALSE
	EndGlobalSection
	GlobalSection(ExtensibilityGlobals) = postSolution
		SolutionGuid = {1674F8A2-2001-4F95-91F3-105599B80380}
	EndGlobalSection
EndGlobal
